
Microsoft Visual Studio Solution File, Format Version 12.00
# Visual Studio 15
VisualStudioVersion = 15.0.26403.7
MinimumVisualStudioVersion = 10.0.40219.1
Project("{CC5FD16D-436D-48AD-A40C-5A424C6E3E79}") = "ACS_AccesoDatos", "ACS_AccesoDatos\ACS_AccesoDatos.ccproj", "{AAC6C7D3-35BE-4130-B997-520C059F89AA}"
EndProject
Project("{FAE04EC0-301F-11D3-BF4B-00C04F79EFBC}") = "WCFServiceWebRole1", "WCFServiceWebRole1\WCFServiceWebRole1.csproj", "{DA369FC9-4310-4832-A70F-181B453F0CC7}"
EndProject
Global
	GlobalSection(SolutionConfigurationPlatforms) = preSolution
		Debug|Any CPU = Debug|Any CPU
		Release|Any CPU = Release|Any CPU
	EndGlobalSection
	GlobalSection(ProjectConfigurationPlatforms) = postSolution
		{AAC6C7D3-35BE-4130-B997-520C059F89AA}.Debug|Any CPU.ActiveCfg = Debug|Any CPU
		{AAC6C7D3-35BE-4130-B997-520C059F89AA}.Debug|Any CPU.Build.0 = Debug|Any CPU
		{AAC6C7D3-35BE-4130-B997-520C059F89AA}.Release|Any CPU.ActiveCfg = Release|Any CPU
		{AAC6C7D3-35BE-4130-B997-520C059F89AA}.Release|Any CPU.Build.0 = Release|Any CPU
		{DA369FC9-4310-4832-A70F-181B453F0CC7}.Debug|Any CPU.ActiveCfg = Debug|Any CPU
		{DA369FC9-4310-4832-A70F-181B453F0CC7}.Debug|Any CPU.Build.0 = Debug|Any CPU
		{DA369FC9-4310-4832-A70F-181B453F0CC7}.Release|Any CPU.ActiveCfg = Release|Any CPU
		{DA369FC9-4310-4832-A70F-181B453F0CC7}.Release|Any CPU.Build.0 = Release|Any CPU
	EndGlobalSection
	GlobalSection(SolutionProperties) = preSolution
		HideSolutionNode = FALSE
	EndGlobalSection
EndGlobal
